
Microsoft Visual Studio Solution File, Format Version 12.00
# Visual Studio Version 17
VisualStudioVersion = 17.1.32319.34
MinimumVisualStudioVersion = 10.0.40219.1
Project("{FAE04EC0-301F-11D3-BF4B-00C04F79EFBC}") = "LoginPage", "LoginPage\LoginPage.csproj", "{815BAA10-992F-4697-8B54-798909A9D741}"
EndProject
Global
	GlobalSection(SolutionConfigurationPlatforms) = preSolution
		Debug|Any CPU = Debug|Any CPU
		Release|Any CPU = Release|Any CPU
	EndGlobalSection
	GlobalSection(ProjectConfigurationPlatforms) = postSolution
		{815BAA10-992F-4697-8B54-798909A9D741}.Debug|Any CPU.ActiveCfg = Debug|Any CPU
		{815BAA10-992F-4697-8B54-798909A9D741}.Debug|Any CPU.Build.0 = Debug|Any CPU
		{815BAA10-992F-4697-8B54-798909A9D741}.Release|Any CPU.ActiveCfg = Release|Any CPU
		{815BAA10-992F-4697-8B54-798909A9D741}.Release|Any CPU.Build.0 = Release|Any CPU
	EndGlobalSection
	GlobalSection(SolutionProperties) = preSolution
		HideSolutionNode = FALSE
	EndGlobalSection
	GlobalSection(ExtensibilityGlobals) = postSolution
		SolutionGuid = {AE1F066E-100B-45B3-8DDB-4B4E4475A43E}
	EndGlobalSection
EndGlobal
